
Microsoft Visual Studio Solution File, Format Version 12.00
# Visual Studio Version 16
VisualStudioVersion = 16.0.30104.148
MinimumVisualStudioVersion = 10.0.40219.1
Project("{FAE04EC0-301F-11D3-BF4B-00C04F79EFBC}") = "FotocopiadoraFacultad", "FotocopiadoraFacultad.csproj", "{A770DE4D-2BF7-4EF4-8D43-4377A7178A37}"
EndProject
Global
	GlobalSection(SolutionConfigurationPlatforms) = preSolution
		Debug|Any CPU = Debug|Any CPU
		Release|Any CPU = Release|Any CPU
	EndGlobalSection
	GlobalSection(ProjectConfigurationPlatforms) = postSolution
		{A770DE4D-2BF7-4EF4-8D43-4377A7178A37}.Debug|Any CPU.ActiveCfg = Debug|Any CPU
		{A770DE4D-2BF7-4EF4-8D43-4377A7178A37}.Debug|Any CPU.Build.0 = Debug|Any CPU
		{A770DE4D-2BF7-4EF4-8D43-4377A7178A37}.Release|Any CPU.ActiveCfg = Release|Any CPU
		{A770DE4D-2BF7-4EF4-8D43-4377A7178A37}.Release|Any CPU.Build.0 = Release|Any CPU
	EndGlobalSection
	GlobalSection(SolutionProperties) = preSolution
		HideSolutionNode = FALSE
	EndGlobalSection
	GlobalSection(ExtensibilityGlobals) = postSolution
		SolutionGuid = {7DCE1FE3-9C48-4224-99A7-2EB058BEB830}
	EndGlobalSection
EndGlobal
